
Microsoft Visual Studio Solution File, Format Version 12.00
# Visual Studio 15
VisualStudioVersion = 15.0.27004.2002
MinimumVisualStudioVersion = 10.0.40219.1
Project("{FAE04EC0-301F-11D3-BF4B-00C04F79EFBC}") = "StyleDemo.Android", "StyleDemo\StyleDemo.Android\StyleDemo.Android.csproj", "{1726B7E4-A6F9-4C92-AA80-92F07AF2C397}"
EndProject
Project("{FAE04EC0-301F-11D3-BF4B-00C04F79EFBC}") = "StyleDemo", "StyleDemo\StyleDemo\StyleDemo.csproj", "{2C0CF336-E75E-4097-9A0A-BA388880D9FF}"
EndProject
Project("{FAE04EC0-301F-11D3-BF4B-00C04F79EFBC}") = "StyleDemo.UWP", "StyleDemo\StyleDemo.UWP\StyleDemo.UWP.csproj", "{165FEFB8-0171-4170-923D-3B8161B3E9A7}"
EndProject
Project("{FAE04EC0-301F-11D3-BF4B-00C04F79EFBC}") = "StyleDemo.iOS", "StyleDemo\StyleDemo.iOS\StyleDemo.iOS.csproj", "{6CD54656-F1D0-4A53-878A-3749D9FE61BF}"
EndProject
Global
	GlobalSection(SolutionConfigurationPlatforms) = preSolution
		Ad-Hoc|Any CPU = Ad-Hoc|Any CPU
		Ad-Hoc|ARM = Ad-Hoc|ARM
		Ad-Hoc|iPhone = Ad-Hoc|iPhone
		Ad-Hoc|iPhoneSimulator = Ad-Hoc|iPhoneSimulator
		Ad-Hoc|x64 = Ad-Hoc|x64
		Ad-Hoc|x86 = Ad-Hoc|x86
		AppStore|Any CPU = AppStore|Any CPU
		AppStore|ARM = AppStore|ARM
		AppStore|iPhone = AppStore|iPhone
		AppStore|iPhoneSimulator = AppStore|iPhoneSimulator
		AppStore|x64 = AppStore|x64
		AppStore|x86 = AppStore|x86
		Debug|Any CPU = Debug|Any CPU
		Debug|ARM = Debug|ARM
		Debug|iPhone = Debug|iPhone
		Debug|iPhoneSimulator = Debug|iPhoneSimulator
		Debug|x64 = Debug|x64
		Debug|x86 = Debug|x86
		Release|Any CPU = Release|Any CPU
		Release|ARM = Release|ARM
		Release|iPhone = Release|iPhone
		Release|iPhoneSimulator = Release|iPhoneSimulator
		Release|x64 = Release|x64
		Release|x86 = Release|x86
	EndGlobalSection
	GlobalSection(ProjectConfigurationPlatforms) = postSolution
		{1726B7E4-A6F9-4C92-AA80-92F07AF2C397}.Ad-Hoc|Any CPU.ActiveCfg = Release|Any CPU
		{1726B7E4-A6F9-4C92-AA80-92F07AF2C397}.Ad-Hoc|Any CPU.Build.0 = Release|Any CPU
		{1726B7E4-A6F9-4C92-AA80-92F07AF2C397}.Ad-Hoc|Any CPU.Deploy.0 = Release|Any CPU
		{1726B7E4-A6F9-4C92-AA80-92F07AF2C397}.Ad-Hoc|ARM.ActiveCfg = Release|Any CPU
		{1726B7E4-A6F9-4C92-AA80-92F07AF2C397}.Ad-Hoc|ARM.Build.0 = Release|Any CPU
		{1726B7E4-A6F9-4C92-AA80-92F07AF2C397}.Ad-Hoc|ARM.Deploy.0 = Release|Any CPU
		{1726B7E4-A6F9-4C92-AA80-92F07AF2C397}.Ad-Hoc|iPhone.ActiveCfg = Release|Any CPU
		{1726B7E4-A6F9-4C92-AA80-92F07AF2C397}.Ad-Hoc|iPhone.Build.0 = Release|Any CPU
		{1726B7E4-A6F9-4C92-AA80-92F07AF2C397}.Ad-Hoc|iPhone.Deploy.0 = Release|Any CPU
		{1726B7E4-A6F9-4C92-AA80-92F07AF2C397}.Ad-Hoc|iPhoneSimulator.ActiveCfg = Release|Any CPU
		{1726B7E4-A6F9-4C92-AA80-92F07AF2C397}.Ad-Hoc|iPhoneSimulator.Build.0 = Release|Any CPU
		{1726B7E4-A6F9-4C92-AA80-92F07AF2C397}.Ad-Hoc|iPhoneSimulator.Deploy.0 = Release|Any CPU
		{1726B7E4-A6F9-4C92-AA80-92F07AF2C397}.Ad-Hoc|x64.ActiveCfg = Release|Any CPU
		{1726B7E4-A6F9-4C92-AA80-92F07AF2C397}.Ad-Hoc|x64.Build.0 = Release|Any CPU
		{1726B7E4-A6F9-4C92-AA80-92F07AF2C397}.Ad-Hoc|x64.Deploy.0 = Release|Any CPU
		{1726B7E4-A6F9-4C92-AA80-92F07AF2C397}.Ad-Hoc|x86.ActiveCfg = Release|Any CPU
		{1726B7E4-A6F9-4C92-AA80-92F07AF2C397}.Ad-Hoc|x86.Build.0 = Release|Any CPU
		{1726B7E4-A6F9-4C92-AA80-92F07AF2C397}.Ad-Hoc|x86.Deploy.0 = Release|Any CPU
		{1726B7E4-A6F9-4C92-AA80-92F07AF2C397}.AppStore|Any CPU.ActiveCfg = Release|Any CPU
		{1726B7E4-A6F9-4C92-AA80-92F07AF2C397}.AppStore|Any CPU.Build.0 = Release|Any CPU
		{1726B7E4-A6F9-4C92-AA80-92F07AF2C397}.AppStore|Any CPU.Deploy.0 = Release|Any CPU
		{1726B7E4-A6F9-4C92-AA80-92F07AF2C397}.AppStore|ARM.ActiveCfg = Release|Any CPU
		{1726B7E4-A6F9-4C92-AA80-92F07AF2C397}.AppStore|ARM.Build.0 = Release|Any CPU
		{1726B7E4-A6F9-4C92-AA80-92F07AF2C397}.AppStore|ARM.Deploy.0 = Release|Any CPU
		{1726B7E4-A6F9-4C92-AA80-92F07AF2C397}.AppStore|iPhone.ActiveCfg = Release|Any CPU
		{1726B7E4-A6F9-4C92-AA80-92F07AF2C397}.AppStore|iPhone.Build.0 = Release|Any CPU
		{1726B7E4-A6F9-4C92-AA80-92F07AF2C397}.AppStore|iPhone.Deploy.0 = Release|Any CPU
		{1726B7E4-A6F9-4C92-AA80-92F07AF2C397}.AppStore|iPhoneSimulator.ActiveCfg = Release|Any CPU
		{1726B7E4-A6F9-4C92-AA80-92F07AF2C397}.AppStore|iPhoneSimulator.Build.0 = Release|Any CPU
		{1726B7E4-A6F9-4C92-AA80-92F07AF2C397}.AppStore|iPhoneSimulator.Deploy.0 = Release|Any CPU
		{1726B7E4-A6F9-4C92-AA80-92F07AF2C397}.AppStore|x64.ActiveCfg = Release|Any CPU
		{1726B7E4-A6F9-4C92-AA80-92F07AF2C397}.AppStore|x64.Build.0 = Release|Any CPU
		{1726B7E4-A6F9-4C92-AA80-92F07AF2C397}.AppStore|x64.Deploy.0 = Release|Any CPU
		{1726B7E4-A6F9-4C92-AA80-92F07AF2C397}.AppStore|x86.ActiveCfg = Release|Any CPU
		{1726B7E4-A6F9-4C92-AA80-92F07AF2C397}.AppStore|x86.Build.0 = Release|Any CPU
		{1726B7E4-A6F9-4C92-AA80-92F07AF2C397}.AppStore|x86.Deploy.0 = Release|Any CPU
		{1726B7E4-A6F9-4C92-AA80-92F07AF2C397}.Debug|Any CPU.ActiveCfg = Debug|Any CPU
		{1726B7E4-A6F9-4C92-AA80-92F07AF2C397}.Debug|Any CPU.Build.0 = Debug|Any CPU
		{1726B7E4-A6F9-4C92-AA80-92F07AF2C397}.Debug|Any CPU.Deploy.0 = Debug|Any CPU
		{1726B7E4-A6F9-4C92-AA80-92F07AF2C397}.Debug|ARM.ActiveCfg = Debug|Any CPU
		{1726B7E4-A6F9-4C92-AA80-92F07AF2C397}.Debug|ARM.Build.0 = Debug|Any CPU
		{1726B7E4-A6F9-4C92-AA80-92F07AF2C397}.Debug|ARM.Deploy.0 = Debug|Any CPU
		{1726B7E4-A6F9-4C92-AA80-92F07AF2C397}.Debug|iPhone.ActiveCfg = Debug|Any CPU
		{1726B7E4-A6F9-4C92-AA80-92F07AF2C397}.Debug|iPhone.Build.0 = Debug|Any CPU
		{1726B7E4-A6F9-4C92-AA80-92F07AF2C397}.Debug|iPhone.Deploy.0 = Debug|Any CPU
		{1726B7E4-A6F9-4C92-AA80-92F07AF2C397}.Debug|iPhoneSimulator.ActiveCfg = Debug|Any CPU
		{1726B7E4-A6F9-4C92-AA80-92F07AF2C397}.Debug|iPhoneSimulator.Build.0 = Debug|Any CPU
		{1726B7E4-A6F9-4C92-AA80-92F07AF2C397}.Debug|iPhoneSimulator.Deploy.0 = Debug|Any CPU
		{1726B7E4-A6F9-4C92-AA80-92F07AF2C397}.Debug|x64.ActiveCfg = Debug|Any CPU
		{1726B7E4-A6F9-4C92-AA80-92F07AF2C397}.Debug|x64.Build.0 = Debug|Any CPU
		{1726B7E4-A6F9-4C92-AA80-92F07AF2C397}.Debug|x64.Deploy.0 = Debug|Any CPU
		{1726B7E4-A6F9-4C92-AA80-92F07AF2C397}.Debug|x86.ActiveCfg = Debug|Any CPU
		{1726B7E4-A6F9-4C92-AA80-92F07AF2C397}.Debug|x86.Build.0 = Debug|Any CPU
		{1726B7E4-A6F9-4C92-AA80-92F07AF2C397}.Debug|x86.Deploy.0 = Debug|Any CPU
		{1726B7E4-A6F9-4C92-AA80-92F07AF2C397}.Release|Any CPU.ActiveCfg = Release|Any CPU
		{1726B7E4-A6F9-4C92-AA80-92F07AF2C397}.Release|Any CPU.Build.0 = Release|Any CPU
		{1726B7E4-A6F9-4C92-AA80-92F07AF2C397}.Release|Any CPU.Deploy.0 = Release|Any CPU
		{1726B7E4-A6F9-4C92-AA80-92F07AF2C397}.Release|ARM.ActiveCfg = Release|Any CPU
		{1726B7E4-A6F9-4C92-AA80-92F07AF2C397}.Release|ARM.Build.0 = Release|Any CPU
		{1726B7E4-A6F9-4C92-AA80-92F07AF2C397}.Release|ARM.Deploy.0 = Release|Any CPU
		{1726B7E4-A6F9-4C92-AA80-92F07AF2C397}.Release|iPhone.ActiveCfg = Release|Any CPU
		{1726B7E4-A6F9-4C92-AA80-92F07AF2C397}.Release|iPhone.Build.0 = Release|Any CPU
		{1726B7E4-A6F9-4C92-AA80-92F07AF2C397}.Release|iPhone.Deploy.0 = Release|Any CPU
		{1726B7E4-A6F9-4C92-AA80-92F07AF2C397}.Release|iPhoneSimulator.ActiveCfg = Release|Any CPU
		{1726B7E4-A6F9-4C92-AA80-92F07AF2C397}.Release|iPhoneSimulator.Build.0 = Release|Any CPU
		{1726B7E4-A6F9-4C92-AA80-92F07AF2C397}.Release|iPhoneSimulator.Deploy.0 = Release|Any CPU
		{1726B7E4-A6F9-4C92-AA80-92F07AF2C397}.Release|x64.ActiveCfg = Release|Any CPU
		{1726B7E4-A6F9-4C92-AA80-92F07AF2C397}.Release|x64.Build.0 = Release|Any CPU
		{1726B7E4-A6F9-4C92-AA80-92F07AF2C397}.Release|x64.Deploy.0 = Release|Any CPU
		{1726B7E4-A6F9-4C92-AA80-92F07AF2C397}.Release|x86.ActiveCfg = Release|Any CPU
		{1726B7E4-A6F9-4C92-AA80-92F07AF2C397}.Release|x86.Build.0 = Release|Any CPU
		{1726B7E4-A6F9-4C92-AA80-92F07AF2C397}.Release|x86.Deploy.0 = Release|Any CPU
		{2C0CF336-E75E-4097-9A0A-BA388880D9FF}.Ad-Hoc|Any CPU.ActiveCfg = Release|Any CPU
		{2C0CF336-E75E-4097-9A0A-BA388880D9FF}.Ad-Hoc|Any CPU.Build.0 = Release|Any CPU
		{2C0CF336-E75E-4097-9A0A-BA388880D9FF}.Ad-Hoc|ARM.ActiveCfg = Release|Any CPU
		{2C0CF336-E75E-4097-9A0A-BA388880D9FF}.Ad-Hoc|ARM.Build.0 = Release|Any CPU
		{2C0CF336-E75E-4097-9A0A-BA388880D9FF}.Ad-Hoc|iPhone.ActiveCfg = Release|Any CPU
		{2C0CF336-E75E-4097-9A0A-BA388880D9FF}.Ad-Hoc|iPhone.Build.0 = Release|Any CPU
		{2C0CF336-E75E-4097-9A0A-BA388880D9FF}.Ad-Hoc|iPhoneSimulator.ActiveCfg = Release|Any CPU
		{2C0CF336-E75E-4097-9A0A-BA388880D9FF}.Ad-Hoc|iPhoneSimulator.Build.0 = Release|Any CPU
		{2C0CF336-E75E-4097-9A0A-BA388880D9FF}.Ad-Hoc|x64.ActiveCfg = Release|Any CPU
		{2C0CF336-E75E-4097-9A0A-BA388880D9FF}.Ad-Hoc|x64.Build.0 = Release|Any CPU
		{2C0CF336-E75E-4097-9A0A-BA388880D9FF}.Ad-Hoc|x86.ActiveCfg = Release|Any CPU
		{2C0CF336-E75E-4097-9A0A-BA388880D9FF}.Ad-Hoc|x86.Build.0 = Release|Any CPU
		{2C0CF336-E75E-4097-9A0A-BA388880D9FF}.AppStore|Any CPU.ActiveCfg = Release|Any CPU
		{2C0CF336-E75E-4097-9A0A-BA388880D9FF}.AppStore|Any CPU.Build.0 = Release|Any CPU
		{2C0CF336-E75E-4097-9A0A-BA388880D9FF}.AppStore|ARM.ActiveCfg = Release|Any CPU
		{2C0CF336-E75E-4097-9A0A-BA388880D9FF}.AppStore|ARM.Build.0 = Release|Any CPU
		{2C0CF336-E75E-4097-9A0A-BA388880D9FF}.AppStore|iPhone.ActiveCfg = Release|Any CPU
		{2C0CF336-E75E-4097-9A0A-BA388880D9FF}.AppStore|iPhone.Build.0 = Release|Any CPU
		{2C0CF336-E75E-4097-9A0A-BA388880D9FF}.AppStore|iPhoneSimulator.ActiveCfg = Release|Any CPU
		{2C0CF336-E75E-4097-9A0A-BA388880D9FF}.AppStore|iPhoneSimulator.Build.0 = Release|Any CPU
		{2C0CF336-E75E-4097-9A0A-BA388880D9FF}.AppStore|x64.ActiveCfg = Release|Any CPU
		{2C0CF336-E75E-4097-9A0A-BA388880D9FF}.AppStore|x64.Build.0 = Release|Any CPU
		{2C0CF336-E75E-4097-9A0A-BA388880D9FF}.AppStore|x86.ActiveCfg = Release|Any CPU
		{2C0CF336-E75E-4097-9A0A-BA388880D9FF}.AppStore|x86.Build.0 = Release|Any CPU
		{2C0CF336-E75E-4097-9A0A-BA388880D9FF}.Debug|Any CPU.ActiveCfg = Debug|Any CPU
		{2C0CF336-E75E-4097-9A0A-BA388880D9FF}.Debug|Any CPU.Build.0 = Debug|Any CPU
		{2C0CF336-E75E-4097-9A0A-BA388880D9FF}.Debug|ARM.ActiveCfg = Debug|Any CPU
		{2C0CF336-E75E-4097-9A0A-BA388880D9FF}.Debug|ARM.Build.0 = Debug|Any CPU
		{2C0CF336-E75E-4097-9A0A-BA388880D9FF}.Debug|iPhone.ActiveCfg = Debug|Any CPU
		{2C0CF336-E75E-4097-9A0A-BA388880D9FF}.Debug|iPhone.Build.0 = Debug|Any CPU
		{2C0CF336-E75E-4097-9A0A-BA388880D9FF}.Debug|iPhoneSimulator.ActiveCfg = Debug|Any CPU
		{2C0CF336-E75E-4097-9A0A-BA388880D9FF}.Debug|iPhoneSimulator.Build.0 = Debug|Any CPU
		{2C0CF336-E75E-4097-9A0A-BA388880D9FF}.Debug|x64.ActiveCfg = Debug|Any CPU
		{2C0CF336-E75E-4097-9A0A-BA388880D9FF}.Debug|x64.Build.0 = Debug|Any CPU
		{2C0CF336-E75E-4097-9A0A-BA388880D9FF}.Debug|x86.ActiveCfg = Debug|Any CPU
		{2C0CF336-E75E-4097-9A0A-BA388880D9FF}.Debug|x86.Build.0 = Debug|Any CPU
		{2C0CF336-E75E-4097-9A0A-BA388880D9FF}.Release|Any CPU.ActiveCfg = Release|Any CPU
		{2C0CF336-E75E-4097-9A0A-BA388880D9FF}.Release|Any CPU.Build.0 = Release|Any CPU
		{2C0CF336-E75E-4097-9A0A-BA388880D9FF}.Release|ARM.ActiveCfg = Release|Any CPU
		{2C0CF336-E75E-4097-9A0A-BA388880D9FF}.Release|ARM.Build.0 = Release|Any CPU
		{2C0CF336-E75E-4097-9A0A-BA388880D9FF}.Release|iPhone.ActiveCfg = Release|Any CPU
		{2C0CF336-E75E-4097-9A0A-BA388880D9FF}.Release|iPhone.Build.0 = Release|Any CPU
		{2C0CF336-E75E-4097-9A0A-BA388880D9FF}.Release|iPhoneSimulator.ActiveCfg = Release|Any CPU
		{2C0CF336-E75E-4097-9A0A-BA388880D9FF}.Release|iPhoneSimulator.Build.0 = Release|Any CPU
		{2C0CF336-E75E-4097-9A0A-BA388880D9FF}.Release|x64.ActiveCfg = Release|Any CPU
		{2C0CF336-E75E-4097-9A0A-BA388880D9FF}.Release|x64.Build.0 = Release|Any CPU
		{2C0CF336-E75E-4097-9A0A-BA388880D9FF}.Release|x86.ActiveCfg = Release|Any CPU
		{2C0CF336-E75E-4097-9A0A-BA388880D9FF}.Release|x86.Build.0 = Release|Any CPU
		{165FEFB8-0171-4170-923D-3B8161B3E9A7}.Ad-Hoc|Any CPU.ActiveCfg = Release|x86
		{165FEFB8-0171-4170-923D-3B8161B3E9A7}.Ad-Hoc|Any CPU.Build.0 = Release|x86
		{165FEFB8-0171-4170-923D-3B8161B3E9A7}.Ad-Hoc|Any CPU.Deploy.0 = Release|x86
		{165FEFB8-0171-4170-923D-3B8161B3E9A7}.Ad-Hoc|ARM.ActiveCfg = Release|ARM
		{165FEFB8-0171-4170-923D-3B8161B3E9A7}.Ad-Hoc|ARM.Build.0 = Release|ARM
		{165FEFB8-0171-4170-923D-3B8161B3E9A7}.Ad-Hoc|ARM.Deploy.0 = Release|ARM
		{165FEFB8-0171-4170-923D-3B8161B3E9A7}.Ad-Hoc|iPhone.ActiveCfg = Release|x86
		{165FEFB8-0171-4170-923D-3B8161B3E9A7}.Ad-Hoc|iPhone.Build.0 = Release|x86
		{165FEFB8-0171-4170-923D-3B8161B3E9A7}.Ad-Hoc|iPhone.Deploy.0 = Release|x86
		{165FEFB8-0171-4170-923D-3B8161B3E9A7}.Ad-Hoc|iPhoneSimulator.ActiveCfg = Release|x86
		{165FEFB8-0171-4170-923D-3B8161B3E9A7}.Ad-Hoc|iPhoneSimulator.Build.0 = Release|x86
		{165FEFB8-0171-4170-923D-3B8161B3E9A7}.Ad-Hoc|iPhoneSimulator.Deploy.0 = Release|x86
		{165FEFB8-0171-4170-923D-3B8161B3E9A7}.Ad-Hoc|x64.ActiveCfg = Release|x64
		{165FEFB8-0171-4170-923D-3B8161B3E9A7}.Ad-Hoc|x64.Build.0 = Release|x64
		{165FEFB8-0171-4170-923D-3B8161B3E9A7}.Ad-Hoc|x64.Deploy.0 = Release|x64
		{165FEFB8-0171-4170-923D-3B8161B3E9A7}.Ad-Hoc|x86.ActiveCfg = Release|x86
		{165FEFB8-0171-4170-923D-3B8161B3E9A7}.Ad-Hoc|x86.Build.0 = Release|x86
		{165FEFB8-0171-4170-923D-3B8161B3E9A7}.Ad-Hoc|x86.Deploy.0 = Release|x86
		{165FEFB8-0171-4170-923D-3B8161B3E9A7}.AppStore|Any CPU.ActiveCfg = Release|x86
		{165FEFB8-0171-4170-923D-3B8161B3E9A7}.AppStore|Any CPU.Build.0 = Release|x86
		{165FEFB8-0171-4170-923D-3B8161B3E9A7}.AppStore|Any CPU.Deploy.0 = Release|x86
		{165FEFB8-0171-4170-923D-3B8161B3E9A7}.AppStore|ARM.ActiveCfg = Release|ARM
		{165FEFB8-0171-4170-923D-3B8161B3E9A7}.AppStore|ARM.Build.0 = Release|ARM
		{165FEFB8-0171-4170-923D-3B8161B3E9A7}.AppStore|ARM.Deploy.0 = Release|ARM
		{165FEFB8-0171-4170-923D-3B8161B3E9A7}.AppStore|iPhone.ActiveCfg = Release|x86
		{165FEFB8-0171-4170-923D-3B8161B3E9A7}.AppStore|iPhone.Build.0 = Release|x86
		{165FEFB8-0171-4170-923D-3B8161B3E9A7}.AppStore|iPhone.Deploy.0 = Release|x86
		{165FEFB8-0171-4170-923D-3B8161B3E9A7}.AppStore|iPhoneSimulator.ActiveCfg = Release|x86
		{165FEFB8-0171-4170-923D-3B8161B3E9A7}.AppStore|iPhoneSimulator.Build.0 = Release|x86
		{165FEFB8-0171-4170-923D-3B8161B3E9A7}.AppStore|iPhoneSimulator.Deploy.0 = Release|x86
		{165FEFB8-0171-4170-923D-3B8161B3E9A7}.AppStore|x64.ActiveCfg = Release|x64
		{165FEFB8-0171-4170-923D-3B8161B3E9A7}.AppStore|x64.Build.0 = Release|x64
		{165FEFB8-0171-4170-923D-3B8161B3E9A7}.AppStore|x64.Deploy.0 = Release|x64
		{165FEFB8-0171-4170-923D-3B8161B3E9A7}.AppStore|x86.ActiveCfg = Release|x86
		{165FEFB8-0171-4170-923D-3B8161B3E9A7}.AppStore|x86.Build.0 = Release|x86
		{165FEFB8-0171-4170-923D-3B8161B3E9A7}.AppStore|x86.Deploy.0 = Release|x86
		{165FEFB8-0171-4170-923D-3B8161B3E9A7}.Debug|Any CPU.ActiveCfg = Debug|x86
		{165FEFB8-0171-4170-923D-3B8161B3E9A7}.Debug|ARM.ActiveCfg = Debug|ARM
		{165FEFB8-0171-4170-923D-3B8161B3E9A7}.Debug|ARM.Build.0 = Debug|ARM
		{165FEFB8-0171-4170-923D-3B8161B3E9A7}.Debug|ARM.Deploy.0 = Debug|ARM
		{165FEFB8-0171-4170-923D-3B8161B3E9A7}.Debug|iPhone.ActiveCfg = Debug|x86
		{165FEFB8-0171-4170-923D-3B8161B3E9A7}.Debug|iPhoneSimulator.ActiveCfg = Debug|x86
		{165FEFB8-0171-4170-923D-3B8161B3E9A7}.Debug|x64.ActiveCfg = Debug|x64
		{165FEFB8-0171-4170-923D-3B8161B3E9A7}.Debug|x64.Build.0 = Debug|x64
		{165FEFB8-0171-4170-923D-3B8161B3E9A7}.Debug|x64.Deploy.0 = Debug|x64
		{165FEFB8-0171-4170-923D-3B8161B3E9A7}.Debug|x86.ActiveCfg = Debug|x86
		{165FEFB8-0171-4170-923D-3B8161B3E9A7}.Debug|x86.Build.0 = Debug|x86
		{165FEFB8-0171-4170-923D-3B8161B3E9A7}.Debug|x86.Deploy.0 = Debug|x86
		{165FEFB8-0171-4170-923D-3B8161B3E9A7}.Release|Any CPU.ActiveCfg = Release|x86
		{165FEFB8-0171-4170-923D-3B8161B3E9A7}.Release|ARM.ActiveCfg = Release|ARM
		{165FEFB8-0171-4170-923D-3B8161B3E9A7}.Release|ARM.Build.0 = Release|ARM
		{165FEFB8-0171-4170-923D-3B8161B3E9A7}.Release|ARM.Deploy.0 = Release|ARM
		{165FEFB8-0171-4170-923D-3B8161B3E9A7}.Release|iPhone.ActiveCfg = Release|x86
		{165FEFB8-0171-4170-923D-3B8161B3E9A7}.Release|iPhoneSimulator.ActiveCfg = Release|x86
		{165FEFB8-0171-4170-923D-3B8161B3E9A7}.Release|x64.ActiveCfg = Release|x64
		{165FEFB8-0171-4170-923D-3B8161B3E9A7}.Release|x64.Build.0 = Release|x64
		{165FEFB8-0171-4170-923D-3B8161B3E9A7}.Release|x64.Deploy.0 = Release|x64
		{165FEFB8-0171-4170-923D-3B8161B3E9A7}.Release|x86.ActiveCfg = Release|x86
		{165FEFB8-0171-4170-923D-3B8161B3E9A7}.Release|x86.Build.0 = Release|x86
		{165FEFB8-0171-4170-923D-3B8161B3E9A7}.Release|x86.Deploy.0 = Release|x86
		{6CD54656-F1D0-4A53-878A-3749D9FE61BF}.Ad-Hoc|Any CPU.ActiveCfg = Ad-Hoc|iPhoneSimulator
		{6CD54656-F1D0-4A53-878A-3749D9FE61BF}.Ad-Hoc|ARM.ActiveCfg = Ad-Hoc|iPhone
		{6CD54656-F1D0-4A53-878A-3749D9FE61BF}.Ad-Hoc|iPhone.ActiveCfg = Ad-Hoc|iPhone
		{6CD54656-F1D0-4A53-878A-3749D9FE61BF}.Ad-Hoc|iPhone.Build.0 = Ad-Hoc|iPhone
		{6CD54656-F1D0-4A53-878A-3749D9FE61BF}.Ad-Hoc|iPhoneSimulator.ActiveCfg = Ad-Hoc|iPhoneSimulator
		{6CD54656-F1D0-4A53-878A-3749D9FE61BF}.Ad-Hoc|iPhoneSimulator.Build.0 = Ad-Hoc|iPhoneSimulator
		{6CD54656-F1D0-4A53-878A-3749D9FE61BF}.Ad-Hoc|x64.ActiveCfg = Ad-Hoc|iPhone
		{6CD54656-F1D0-4A53-878A-3749D9FE61BF}.Ad-Hoc|x86.ActiveCfg = Ad-Hoc|iPhone
		{6CD54656-F1D0-4A53-878A-3749D9FE61BF}.AppStore|Any CPU.ActiveCfg = AppStore|iPhoneSimulator
		{6CD54656-F1D0-4A53-878A-3749D9FE61BF}.AppStore|ARM.ActiveCfg = AppStore|iPhone
		{6CD54656-F1D0-4A53-878A-3749D9FE61BF}.AppStore|iPhone.ActiveCfg = AppStore|iPhone
		{6CD54656-F1D0-4A53-878A-3749D9FE61BF}.AppStore|iPhone.Build.0 = AppStore|iPhone
		{6CD54656-F1D0-4A53-878A-3749D9FE61BF}.AppStore|iPhoneSimulator.ActiveCfg = AppStore|iPhoneSimulator
		{6CD54656-F1D0-4A53-878A-3749D9FE61BF}.AppStore|iPhoneSimulator.Build.0 = AppStore|iPhoneSimulator
		{6CD54656-F1D0-4A53-878A-3749D9FE61BF}.AppStore|x64.ActiveCfg = AppStore|iPhone
		{6CD54656-F1D0-4A53-878A-3749D9FE61BF}.AppStore|x86.ActiveCfg = AppStore|iPhone
		{6CD54656-F1D0-4A53-878A-3749D9FE61BF}.Debug|Any CPU.ActiveCfg = Debug|iPhoneSimulator
		{6CD54656-F1D0-4A53-878A-3749D9FE61BF}.Debug|ARM.ActiveCfg = Debug|iPhone
		{6CD54656-F1D0-4A53-878A-3749D9FE61BF}.Debug|iPhone.ActiveCfg = Debug|iPhone
		{6CD54656-F1D0-4A53-878A-3749D9FE61BF}.Debug|iPhone.Build.0 = Debug|iPhone
		{6CD54656-F1D0-4A53-878A-3749D9FE61BF}.Debug|iPhoneSimulator.ActiveCfg = Debug|iPhoneSimulator
		{6CD54656-F1D0-4A53-878A-3749D9FE61BF}.Debug|iPhoneSimulator.Build.0 = Debug|iPhoneSimulator
		{6CD54656-F1D0-4A53-878A-3749D9FE61BF}.Debug|x64.ActiveCfg = Debug|iPhone
		{6CD54656-F1D0-4A53-878A-3749D9FE61BF}.Debug|x86.ActiveCfg = Debug|iPhone
		{6CD54656-F1D0-4A53-878A-3749D9FE61BF}.Release|Any CPU.ActiveCfg = Release|iPhoneSimulator
		{6CD54656-F1D0-4A53-878A-3749D9FE61BF}.Release|ARM.ActiveCfg = Release|iPhone
		{6CD54656-F1D0-4A53-878A-3749D9FE61BF}.Release|iPhone.ActiveCfg = Release|iPhone
		{6CD54656-F1D0-4A53-878A-3749D9FE61BF}.Release|iPhone.Build.0 = Release|iPhone
		{6CD54656-F1D0-4A53-878A-3749D9FE61BF}.Release|iPhoneSimulator.ActiveCfg = Release|iPhoneSimulator
		{6CD54656-F1D0-4A53-878A-3749D9FE61BF}.Release|iPhoneSimulator.Build.0 = Release|iPhoneSimulator
		{6CD54656-F1D0-4A53-878A-3749D9FE61BF}.Release|x64.ActiveCfg = Release|iPhone
		{6CD54656-F1D0-4A53-878A-3749D9FE61BF}.Release|x86.ActiveCfg = Release|iPhone
	EndGlobalSection
	GlobalSection(SolutionProperties) = preSolution
		HideSolutionNode = FALSE
	EndGlobalSection
	GlobalSection(ExtensibilityGlobals) = postSolution
		SolutionGuid = {BB666022-67ED-4D6A-B094-23ED9812CA28}
	EndGlobalSection
EndGlobal
